
Microsoft Visual Studio Solution File, Format Version 11.00
# Visual C# Express 2010
Project("{FAE04EC0-301F-11D3-BF4B-00C04F79EFBC}") = "ClassWork2016-10-10", "ClassWork2016-10-10\ClassWork2016-10-10.csproj", "{6E6017B7-30FC-44D4-8518-90BC0376E96C}"
EndProject
Project("{FAE04EC0-301F-11D3-BF4B-00C04F79EFBC}") = "ClassWork2016-10-11", "ClassWork2016-10-11\ClassWork2016-10-11.csproj", "{38CD9051-C358-4DAB-AC54-44BD72CA29B7}"
EndProject
Project("{FAE04EC0-301F-11D3-BF4B-00C04F79EFBC}") = "ClassWork2016-10-12", "ClassWork2016-10-12\ClassWork2016-10-12.csproj", "{A126D250-2CE8-45BA-BDAC-FDFF0A692356}"
EndProject
Project("{FAE04EC0-301F-11D3-BF4B-00C04F79EFBC}") = "IO", "IO\IO.csproj", "{B7948055-B2C8-476A-99EB-66BEF5A9AF29}"
EndProject
Project("{FAE04EC0-301F-11D3-BF4B-00C04F79EFBC}") = "Iterator", "Iterator\Iterator.csproj", "{5C5C0014-BEA1-4286-A6C0-3439C5D070A9}"
EndProject
Project("{FAE04EC0-301F-11D3-BF4B-00C04F79EFBC}") = "Object", "Object\Object.csproj", "{86E02769-E976-4655-B661-72E3D16EEEB0}"
EndProject
Project("{FAE04EC0-301F-11D3-BF4B-00C04F79EFBC}") = "Singleton", "Singleton\Singleton.csproj", "{ED181DC3-B1DE-4E6F-8390-398CBA67E200}"
EndProject
Project("{FAE04EC0-301F-11D3-BF4B-00C04F79EFBC}") = "Test", "Test\Test.csproj", "{4BC705EE-FB2F-4E84-995A-BD5E41B9AD75}"
EndProject
Global
	GlobalSection(SolutionConfigurationPlatforms) = preSolution
		Debug|Any CPU = Debug|Any CPU
		Debug|Mixed Platforms = Debug|Mixed Platforms
		Debug|x86 = Debug|x86
		Release|Any CPU = Release|Any CPU
		Release|Mixed Platforms = Release|Mixed Platforms
		Release|x86 = Release|x86
	EndGlobalSection
	GlobalSection(ProjectConfigurationPlatforms) = postSolution
		{6E6017B7-30FC-44D4-8518-90BC0376E96C}.Debug|Any CPU.ActiveCfg = Debug|x86
		{6E6017B7-30FC-44D4-8518-90BC0376E96C}.Debug|Mixed Platforms.ActiveCfg = Debug|x86
		{6E6017B7-30FC-44D4-8518-90BC0376E96C}.Debug|Mixed Platforms.Build.0 = Debug|x86
		{6E6017B7-30FC-44D4-8518-90BC0376E96C}.Debug|x86.ActiveCfg = Debug|x86
		{6E6017B7-30FC-44D4-8518-90BC0376E96C}.Debug|x86.Build.0 = Debug|x86
		{6E6017B7-30FC-44D4-8518-90BC0376E96C}.Release|Any CPU.ActiveCfg = Release|x86
		{6E6017B7-30FC-44D4-8518-90BC0376E96C}.Release|Mixed Platforms.ActiveCfg = Release|x86
		{6E6017B7-30FC-44D4-8518-90BC0376E96C}.Release|Mixed Platforms.Build.0 = Release|x86
		{6E6017B7-30FC-44D4-8518-90BC0376E96C}.Release|x86.ActiveCfg = Release|x86
		{6E6017B7-30FC-44D4-8518-90BC0376E96C}.Release|x86.Build.0 = Release|x86
		{38CD9051-C358-4DAB-AC54-44BD72CA29B7}.Debug|Any CPU.ActiveCfg = Debug|Any CPU
		{38CD9051-C358-4DAB-AC54-44BD72CA29B7}.Debug|Any CPU.Build.0 = Debug|Any CPU
		{38CD9051-C358-4DAB-AC54-44BD72CA29B7}.Debug|Mixed Platforms.ActiveCfg = Debug|Any CPU
		{38CD9051-C358-4DAB-AC54-44BD72CA29B7}.Debug|Mixed Platforms.Build.0 = Debug|Any CPU
		{38CD9051-C358-4DAB-AC54-44BD72CA29B7}.Debug|x86.ActiveCfg = Debug|Any CPU
		{38CD9051-C358-4DAB-AC54-44BD72CA29B7}.Release|Any CPU.ActiveCfg = Release|Any CPU
		{38CD9051-C358-4DAB-AC54-44BD72CA29B7}.Release|Any CPU.Build.0 = Release|Any CPU
		{38CD9051-C358-4DAB-AC54-44BD72CA29B7}.Release|Mixed Platforms.ActiveCfg = Release|Any CPU
		{38CD9051-C358-4DAB-AC54-44BD72CA29B7}.Release|Mixed Platforms.Build.0 = Release|Any CPU
		{38CD9051-C358-4DAB-AC54-44BD72CA29B7}.Release|x86.ActiveCfg = Release|Any CPU
		{A126D250-2CE8-45BA-BDAC-FDFF0A692356}.Debug|Any CPU.ActiveCfg = Debug|Any CPU
		{A126D250-2CE8-45BA-BDAC-FDFF0A692356}.Debug|Any CPU.Build.0 = Debug|Any CPU
		{A126D250-2CE8-45BA-BDAC-FDFF0A692356}.Debug|Mixed Platforms.ActiveCfg = Debug|Any CPU
		{A126D250-2CE8-45BA-BDAC-FDFF0A692356}.Debug|Mixed Platforms.Build.0 = Debug|Any CPU
		{A126D250-2CE8-45BA-BDAC-FDFF0A692356}.Debug|x86.ActiveCfg = Debug|Any CPU
		{A126D250-2CE8-45BA-BDAC-FDFF0A692356}.Release|Any CPU.ActiveCfg = Release|Any CPU
		{A126D250-2CE8-45BA-BDAC-FDFF0A692356}.Release|Any CPU.Build.0 = Release|Any CPU
		{A126D250-2CE8-45BA-BDAC-FDFF0A692356}.Release|Mixed Platforms.ActiveCfg = Release|Any CPU
		{A126D250-2CE8-45BA-BDAC-FDFF0A692356}.Release|Mixed Platforms.Build.0 = Release|Any CPU
		{A126D250-2CE8-45BA-BDAC-FDFF0A692356}.Release|x86.ActiveCfg = Release|Any CPU
		{B7948055-B2C8-476A-99EB-66BEF5A9AF29}.Debug|Any CPU.ActiveCfg = Debug|x86
		{B7948055-B2C8-476A-99EB-66BEF5A9AF29}.Debug|Mixed Platforms.ActiveCfg = Debug|x86
		{B7948055-B2C8-476A-99EB-66BEF5A9AF29}.Debug|Mixed Platforms.Build.0 = Debug|x86
		{B7948055-B2C8-476A-99EB-66BEF5A9AF29}.Debug|x86.ActiveCfg = Debug|x86
		{B7948055-B2C8-476A-99EB-66BEF5A9AF29}.Debug|x86.Build.0 = Debug|x86
		{B7948055-B2C8-476A-99EB-66BEF5A9AF29}.Release|Any CPU.ActiveCfg = Release|x86
		{B7948055-B2C8-476A-99EB-66BEF5A9AF29}.Release|Mixed Platforms.ActiveCfg = Release|x86
		{B7948055-B2C8-476A-99EB-66BEF5A9AF29}.Release|Mixed Platforms.Build.0 = Release|x86
		{B7948055-B2C8-476A-99EB-66BEF5A9AF29}.Release|x86.ActiveCfg = Release|x86
		{B7948055-B2C8-476A-99EB-66BEF5A9AF29}.Release|x86.Build.0 = Release|x86
		{5C5C0014-BEA1-4286-A6C0-3439C5D070A9}.Debug|Any CPU.ActiveCfg = Debug|x86
		{5C5C0014-BEA1-4286-A6C0-3439C5D070A9}.Debug|Mixed Platforms.ActiveCfg = Debug|x86
		{5C5C0014-BEA1-4286-A6C0-3439C5D070A9}.Debug|Mixed Platforms.Build.0 = Debug|x86
		{5C5C0014-BEA1-4286-A6C0-3439C5D070A9}.Debug|x86.ActiveCfg = Debug|x86
		{5C5C0014-BEA1-4286-A6C0-3439C5D070A9}.Debug|x86.Build.0 = Debug|x86
		{5C5C0014-BEA1-4286-A6C0-3439C5D070A9}.Release|Any CPU.ActiveCfg = Release|x86
		{5C5C0014-BEA1-4286-A6C0-3439C5D070A9}.Release|Mixed Platforms.ActiveCfg = Release|x86
		{5C5C0014-BEA1-4286-A6C0-3439C5D070A9}.Release|Mixed Platforms.Build.0 = Release|x86
		{5C5C0014-BEA1-4286-A6C0-3439C5D070A9}.Release|x86.ActiveCfg = Release|x86
		{5C5C0014-BEA1-4286-A6C0-3439C5D070A9}.Release|x86.Build.0 = Release|x86
		{86E02769-E976-4655-B661-72E3D16EEEB0}.Debug|Any CPU.ActiveCfg = Debug|x86
		{86E02769-E976-4655-B661-72E3D16EEEB0}.Debug|Mixed Platforms.ActiveCfg = Debug|x86
		{86E02769-E976-4655-B661-72E3D16EEEB0}.Debug|Mixed Platforms.Build.0 = Debug|x86
		{86E02769-E976-4655-B661-72E3D16EEEB0}.Debug|x86.ActiveCfg = Debug|x86
		{86E02769-E976-4655-B661-72E3D16EEEB0}.Debug|x86.Build.0 = Debug|x86
		{86E02769-E976-4655-B661-72E3D16EEEB0}.Release|Any CPU.ActiveCfg = Release|x86
		{86E02769-E976-4655-B661-72E3D16EEEB0}.Release|Mixed Platforms.ActiveCfg = Release|x86
		{86E02769-E976-4655-B661-72E3D16EEEB0}.Release|Mixed Platforms.Build.0 = Release|x86
		{86E02769-E976-4655-B661-72E3D16EEEB0}.Release|x86.ActiveCfg = Release|x86
		{86E02769-E976-4655-B661-72E3D16EEEB0}.Release|x86.Build.0 = Release|x86
		{ED181DC3-B1DE-4E6F-8390-398CBA67E200}.Debug|Any CPU.ActiveCfg = Debug|x86
		{ED181DC3-B1DE-4E6F-8390-398CBA67E200}.Debug|Mixed Platforms.ActiveCfg = Debug|x86
		{ED181DC3-B1DE-4E6F-8390-398CBA67E200}.Debug|Mixed Platforms.Build.0 = Debug|x86
		{ED181DC3-B1DE-4E6F-8390-398CBA67E200}.Debug|x86.ActiveCfg = Debug|x86
		{ED181DC3-B1DE-4E6F-8390-398CBA67E200}.Debug|x86.Build.0 = Debug|x86
		{ED181DC3-B1DE-4E6F-8390-398CBA67E200}.Release|Any CPU.ActiveCfg = Release|x86
		{ED181DC3-B1DE-4E6F-8390-398CBA67E200}.Release|Mixed Platforms.ActiveCfg = Release|x86
		{ED181DC3-B1DE-4E6F-8390-398CBA67E200}.Release|Mixed Platforms.Build.0 = Release|x86
		{ED181DC3-B1DE-4E6F-8390-398CBA67E200}.Release|x86.ActiveCfg = Release|x86
		{ED181DC3-B1DE-4E6F-8390-398CBA67E200}.Release|x86.Build.0 = Release|x86
		{4BC705EE-FB2F-4E84-995A-BD5E41B9AD75}.Debug|Any CPU.ActiveCfg = Debug|x86
		{4BC705EE-FB2F-4E84-995A-BD5E41B9AD75}.Debug|Mixed Platforms.ActiveCfg = Debug|x86
		{4BC705EE-FB2F-4E84-995A-BD5E41B9AD75}.Debug|Mixed Platforms.Build.0 = Debug|x86
		{4BC705EE-FB2F-4E84-995A-BD5E41B9AD75}.Debug|x86.ActiveCfg = Debug|x86
		{4BC705EE-FB2F-4E84-995A-BD5E41B9AD75}.Debug|x86.Build.0 = Debug|x86
		{4BC705EE-FB2F-4E84-995A-BD5E41B9AD75}.Release|Any CPU.ActiveCfg = Release|x86
		{4BC705EE-FB2F-4E84-995A-BD5E41B9AD75}.Release|Mixed Platforms.ActiveCfg = Release|x86
		{4BC705EE-FB2F-4E84-995A-BD5E41B9AD75}.Release|Mixed Platforms.Build.0 = Release|x86
		{4BC705EE-FB2F-4E84-995A-BD5E41B9AD75}.Release|x86.ActiveCfg = Release|x86
		{4BC705EE-FB2F-4E84-995A-BD5E41B9AD75}.Release|x86.Build.0 = Release|x86
	EndGlobalSection
	GlobalSection(SolutionProperties) = preSolution
		HideSolutionNode = FALSE
	EndGlobalSection
EndGlobal
